
Microsoft Visual Studio Solution File, Format Version 12.00
# Visual Studio 15
VisualStudioVersion = 15.0.28307.1927
MinimumVisualStudioVersion = 10.0.40219.1
Project("{FAE04EC0-301F-11D3-BF4B-00C04F79EFBC}") = "EuroLab", "EuroLab\EuroLab.csproj", "{DCEF44BD-843D-43BE-A654-D37E6073316F}"
EndProject
Project("{FAE04EC0-301F-11D3-BF4B-00C04F79EFBC}") = "ClassLibraryEuroLab", "ClassLibraryEuroLab\ClassLibraryEuroLab.csproj", "{838336EF-B5A6-4236-A549-472B646391A9}"
EndProject
Global
	GlobalSection(SolutionConfigurationPlatforms) = preSolution
		Debug|Any CPU = Debug|Any CPU
		Release|Any CPU = Release|Any CPU
	EndGlobalSection
	GlobalSection(ProjectConfigurationPlatforms) = postSolution
		{DCEF44BD-843D-43BE-A654-D37E6073316F}.Debug|Any CPU.ActiveCfg = Debug|Any CPU
		{DCEF44BD-843D-43BE-A654-D37E6073316F}.Debug|Any CPU.Build.0 = Debug|Any CPU
		{DCEF44BD-843D-43BE-A654-D37E6073316F}.Release|Any CPU.ActiveCfg = Release|Any CPU
		{DCEF44BD-843D-43BE-A654-D37E6073316F}.Release|Any CPU.Build.0 = Release|Any CPU
		{838336EF-B5A6-4236-A549-472B646391A9}.Debug|Any CPU.ActiveCfg = Debug|Any CPU
		{838336EF-B5A6-4236-A549-472B646391A9}.Debug|Any CPU.Build.0 = Debug|Any CPU
		{838336EF-B5A6-4236-A549-472B646391A9}.Release|Any CPU.ActiveCfg = Release|Any CPU
		{838336EF-B5A6-4236-A549-472B646391A9}.Release|Any CPU.Build.0 = Release|Any CPU
	EndGlobalSection
	GlobalSection(SolutionProperties) = preSolution
		HideSolutionNode = FALSE
	EndGlobalSection
	GlobalSection(ExtensibilityGlobals) = postSolution
		SolutionGuid = {BB5940B9-6EFB-4CFD-B815-2AA7A1FA3E91}
		EnterpriseLibraryConfigurationToolBinariesPathV6 = packages\EnterpriseLibrary.Common.6.0.1304.0\lib\NET45;packages\EnterpriseLibrary.Data.6.0.1304.0\lib\NET45
	EndGlobalSection
EndGlobal
